
Microsoft Visual Studio Solution File, Format Version 12.00
# Visual Studio 15
VisualStudioVersion = 15.0.28307.645
MinimumVisualStudioVersion = 10.0.40219.1
Project("{8BC9CEB8-8B4A-11D0-8D11-00A0C91BC942}") = "ControlledRTW", "ControlledRTW\ControlledRTW.vcxproj", "{6AD61869-69D7-4429-96B5-34CCEDC0A414}"
EndProject
Global
	GlobalSection(SolutionConfigurationPlatforms) = preSolution
		Debug|x64 = Debug|x64
		Debug|x86 = Debug|x86
		Release|x64 = Release|x64
		Release|x86 = Release|x86
	EndGlobalSection
	GlobalSection(ProjectConfigurationPlatforms) = postSolution
		{6AD61869-69D7-4429-96B5-34CCEDC0A414}.Debug|x64.ActiveCfg = Debug|x64
		{6AD61869-69D7-4429-96B5-34CCEDC0A414}.Debug|x64.Build.0 = Debug|x64
		{6AD61869-69D7-4429-96B5-34CCEDC0A414}.Debug|x86.ActiveCfg = Debug|Win32
		{6AD61869-69D7-4429-96B5-34CCEDC0A414}.Debug|x86.Build.0 = Debug|Win32
		{6AD61869-69D7-4429-96B5-34CCEDC0A414}.Release|x64.ActiveCfg = Release|x64
		{6AD61869-69D7-4429-96B5-34CCEDC0A414}.Release|x64.Build.0 = Release|x64
		{6AD61869-69D7-4429-96B5-34CCEDC0A414}.Release|x86.ActiveCfg = Release|Win32
		{6AD61869-69D7-4429-96B5-34CCEDC0A414}.Release|x86.Build.0 = Release|Win32
	EndGlobalSection
	GlobalSection(SolutionProperties) = preSolution
		HideSolutionNode = FALSE
	EndGlobalSection
	GlobalSection(ExtensibilityGlobals) = postSolution
		SolutionGuid = {894494B1-3C91-486D-88AC-EA149B4470DB}
	EndGlobalSection
EndGlobal
