
Microsoft Visual Studio Solution File, Format Version 12.00
# Visual Studio Version 16
VisualStudioVersion = 16.0.29519.181
MinimumVisualStudioVersion = 10.0.40219.1
Project("{8BC9CEB8-8B4A-11D0-8D11-00A0C91BC942}") = "SCC.300_RT", "SCC.300_RT\SCC.300_RT.vcxproj", "{CC6D0EA2-D3A5-4CBF-A95B-CA1713936F89}"
EndProject
Global
	GlobalSection(SolutionConfigurationPlatforms) = preSolution
		Debug|x64 = Debug|x64
		Release|x64 = Release|x64
	EndGlobalSection
	GlobalSection(ProjectConfigurationPlatforms) = postSolution
		{CC6D0EA2-D3A5-4CBF-A95B-CA1713936F89}.Debug|x64.ActiveCfg = Debug|x64
		{CC6D0EA2-D3A5-4CBF-A95B-CA1713936F89}.Debug|x64.Build.0 = Debug|x64
		{CC6D0EA2-D3A5-4CBF-A95B-CA1713936F89}.Release|x64.ActiveCfg = Release|x64
		{CC6D0EA2-D3A5-4CBF-A95B-CA1713936F89}.Release|x64.Build.0 = Release|x64
	EndGlobalSection
	GlobalSection(SolutionProperties) = preSolution
		HideSolutionNode = FALSE
	EndGlobalSection
	GlobalSection(ExtensibilityGlobals) = postSolution
		SolutionGuid = {36ADC7B0-10B4-4208-9DEC-054AD51C631A}
	EndGlobalSection
EndGlobal
