
Microsoft Visual Studio Solution File, Format Version 12.00
# Visual Studio Version 16
VisualStudioVersion = 16.0.29503.13
MinimumVisualStudioVersion = 10.0.40219.1
Project("{8BC9CEB8-8B4A-11D0-8D11-00A0C91BC942}") = "raytracinginoneweekend", "raytracinginoneweekend\raytracinginoneweekend.vcxproj", "{737A32EA-1429-464F-89F2-3BA35837E08E}"
EndProject
Global
	GlobalSection(SolutionConfigurationPlatforms) = preSolution
		Debug|x64 = Debug|x64
		Release|x64 = Release|x64
	EndGlobalSection
	GlobalSection(ProjectConfigurationPlatforms) = postSolution
		{737A32EA-1429-464F-89F2-3BA35837E08E}.Debug|x64.ActiveCfg = Debug|x64
		{737A32EA-1429-464F-89F2-3BA35837E08E}.Debug|x64.Build.0 = Debug|x64
		{737A32EA-1429-464F-89F2-3BA35837E08E}.Release|x64.ActiveCfg = Release|x64
		{737A32EA-1429-464F-89F2-3BA35837E08E}.Release|x64.Build.0 = Release|x64
	EndGlobalSection
	GlobalSection(SolutionProperties) = preSolution
		HideSolutionNode = FALSE
	EndGlobalSection
	GlobalSection(ExtensibilityGlobals) = postSolution
		SolutionGuid = {1FDE88C2-1F86-488A-908D-BDC3F627B1CF}
	EndGlobalSection
EndGlobal
