
Microsoft Visual Studio Solution File, Format Version 12.00
# Visual Studio Version 16
VisualStudioVersion = 16.0.29503.13
MinimumVisualStudioVersion = 10.0.40219.1
Project("{8BC9CEB8-8B4A-11D0-8D11-00A0C91BC942}") = "HelloWorld", "HelloWorld\HelloWorld.vcxproj", "{9FE45D82-9048-483E-82B2-6708CD4BBD20}"
EndProject
Global
	GlobalSection(SolutionConfigurationPlatforms) = preSolution
		Debug|x64 = Debug|x64
		Release|x64 = Release|x64
	EndGlobalSection
	GlobalSection(ProjectConfigurationPlatforms) = postSolution
		{9FE45D82-9048-483E-82B2-6708CD4BBD20}.Debug|x64.ActiveCfg = Debug|x64
		{9FE45D82-9048-483E-82B2-6708CD4BBD20}.Debug|x64.Build.0 = Debug|x64
		{9FE45D82-9048-483E-82B2-6708CD4BBD20}.Release|x64.ActiveCfg = Release|x64
		{9FE45D82-9048-483E-82B2-6708CD4BBD20}.Release|x64.Build.0 = Release|x64
	EndGlobalSection
	GlobalSection(SolutionProperties) = preSolution
		HideSolutionNode = FALSE
	EndGlobalSection
	GlobalSection(ExtensibilityGlobals) = postSolution
		SolutionGuid = {3077A4B5-665E-47BA-A8D9-2563CA8D5BF3}
	EndGlobalSection
EndGlobal
